
Microsoft Visual Studio Solution File, Format Version 12.00
# Visual Studio Version 17
VisualStudioVersion = 17.5.33627.172
MinimumVisualStudioVersion = 10.0.40219.1
Project("{FAE04EC0-301F-11D3-BF4B-00C04F79EFBC}") = "ShoppingWebApi", "ShoppingWebApi\ShoppingWebApi.csproj", "{1E4311CA-948F-4CA3-BAE4-7D1C8645047A}"
EndProject
Global
	GlobalSection(SolutionConfigurationPlatforms) = preSolution
		Debug|Any CPU = Debug|Any CPU
		Release|Any CPU = Release|Any CPU
	EndGlobalSection
	GlobalSection(ProjectConfigurationPlatforms) = postSolution
		{1E4311CA-948F-4CA3-BAE4-7D1C8645047A}.Debug|Any CPU.ActiveCfg = Debug|Any CPU
		{1E4311CA-948F-4CA3-BAE4-7D1C8645047A}.Debug|Any CPU.Build.0 = Debug|Any CPU
		{1E4311CA-948F-4CA3-BAE4-7D1C8645047A}.Release|Any CPU.ActiveCfg = Release|Any CPU
		{1E4311CA-948F-4CA3-BAE4-7D1C8645047A}.Release|Any CPU.Build.0 = Release|Any CPU
	EndGlobalSection
	GlobalSection(SolutionProperties) = preSolution
		HideSolutionNode = FALSE
	EndGlobalSection
	GlobalSection(ExtensibilityGlobals) = postSolution
		SolutionGuid = {87471678-1724-4837-8F63-D7F3A1791849}
	EndGlobalSection
EndGlobal
